
Microsoft Visual Studio Solution File, Format Version 12.00
# Visual Studio Version 17
VisualStudioVersion = 17.5.002.0
MinimumVisualStudioVersion = 10.0.40219.1
Project("{9A19103F-16F7-4668-BE54-9A1E7A4F7556}") = "CG_N4", "CG_N4\CG_N4.csproj", "{56DF5C64-C1D9-411C-855D-E4A36EBC792E}"
EndProject
Global
	GlobalSection(SolutionConfigurationPlatforms) = preSolution
		Debug|Any CPU = Debug|Any CPU
		Release|Any CPU = Release|Any CPU
	EndGlobalSection
	GlobalSection(ProjectConfigurationPlatforms) = postSolution
		{56DF5C64-C1D9-411C-855D-E4A36EBC792E}.Debug|Any CPU.ActiveCfg = Debug|Any CPU
		{56DF5C64-C1D9-411C-855D-E4A36EBC792E}.Debug|Any CPU.Build.0 = Debug|Any CPU
		{56DF5C64-C1D9-411C-855D-E4A36EBC792E}.Release|Any CPU.ActiveCfg = Release|Any CPU
		{56DF5C64-C1D9-411C-855D-E4A36EBC792E}.Release|Any CPU.Build.0 = Release|Any CPU
	EndGlobalSection
	GlobalSection(SolutionProperties) = preSolution
		HideSolutionNode = FALSE
	EndGlobalSection
	GlobalSection(ExtensibilityGlobals) = postSolution
		SolutionGuid = {CF8A81B8-3F21-434D-9409-BFF0C8991733}
	EndGlobalSection
EndGlobal
